
Microsoft Visual Studio Solution File, Format Version 12.00
# Visual Studio 15
Project("{FAE04EC0-301F-11D3-BF4B-00C04F79EFBC}") = "xUnitTest-Project", "xUnitTest-Project\xUnitTest-Project.csproj", "{D48B6598-963A-4C69-BAB5-CC6DAA142C5F}"
EndProject
Global
	GlobalSection(SolutionConfigurationPlatforms) = preSolution
		Debug|anycpu = Debug|anycpu
		Release|anycpu = Release|anycpu
	EndGlobalSection
	GlobalSection(ProjectConfigurationPlatforms) = postSolution
		{D48B6598-963A-4C69-BAB5-CC6DAA142C5F}.Debug|anycpu.ActiveCfg = Debug|Any CPU
		{D48B6598-963A-4C69-BAB5-CC6DAA142C5F}.Debug|anycpu.Build.0 = Debug|Any CPU
		{D48B6598-963A-4C69-BAB5-CC6DAA142C5F}.Release|anycpu.ActiveCfg = Release|Any CPU
		{D48B6598-963A-4C69-BAB5-CC6DAA142C5F}.Release|anycpu.Build.0 = Release|Any CPU
	EndGlobalSection
EndGlobal
