
Microsoft Visual Studio Solution File, Format Version 12.00
# Visual Studio 15
Project("{FAE04EC0-301F-11D3-BF4B-00C04F79EFBC}") = "csharp-learning-1", "csharp-learning-1.csproj", "{EF07BA05-14C6-4439-9601-D3F12C660203}"
EndProject
Global
	GlobalSection(SolutionConfigurationPlatforms) = preSolution
		Debug|anycpu = Debug|anycpu
		Release|anycpu = Release|anycpu
	EndGlobalSection
	GlobalSection(ProjectConfigurationPlatforms) = postSolution
		{EF07BA05-14C6-4439-9601-D3F12C660203}.Debug|anycpu.ActiveCfg = Debug|anycpu
		{EF07BA05-14C6-4439-9601-D3F12C660203}.Debug|anycpu.Build.0 = Debug|anycpu
		{EF07BA05-14C6-4439-9601-D3F12C660203}.Release|anycpu.ActiveCfg = Release|anycpu
		{EF07BA05-14C6-4439-9601-D3F12C660203}.Release|anycpu.Build.0 = Release|anycpu
	EndGlobalSection
EndGlobal
